<?xml version="1.0" encoding="utf-8"?>
<Project ToolsVersion="12.0" xmlns="http://schemas.microsoft.com/developer/msbuild/2003">
  <ItemGroup>
    <Filter Include="Header Files">
      <UniqueIdentifier>{8e72111b-a695-4fe4-af8a-2de5d5c933db}</UniqueIdentifier>
    </Filter>
    <Filter Include="Source Files">
      <UniqueIdentifier>{56667fb1-ec6f-4869-9b75-069acce97ba2}</UniqueIdentifier>
    </Filter>
    <Filter Include="Header Files\depgraph">
      <UniqueIdentifier>{476df7b0-24d0-4a03-a396-0632005dcef4}</UniqueIdentifier>
    </Filter>
    <Filter Include="Header Files\generated">
      <UniqueIdentifier>{71993310-5c2c-47c6-8e85-ddd762a0455a}</UniqueIdentifier>
    </Filter>
    <Filter Include="Header Files\timing">
      <UniqueIdentifier>{54e91a6f-4840-485b-aa90-c5dded10f16a}</UniqueIdentifier>
    </Filter>
    <Filter Include="Source Files\depgraph">
      <UniqueIdentifier>{5f8758e5-c13f-4180-8f9b-92f3bd0d16c8}</UniqueIdentifier>
    </Filter>
    <Filter Include="Source Files\generated">
      <UniqueIdentifier>{8ffca784-18ca-405e-a929-077802b6d65e}</UniqueIdentifier>
    </Filter>
    <Filter Include="Source Files\timing">
      <UniqueIdentifier>{0bd5c39d-1cad-4c27-bf64-95b1abe03db8}</UniqueIdentifier>
    </Filter>
  </ItemGroup>
  <ItemGroup>
    <ClInclude Include="depgraph\DependencyGraph.h">
      <Filter>Header Files\depgraph</Filter>
    </ClInclude>
    <ClInclude Include="depgraph\DependencyGraphBuilder.h">
      <Filter>Header Files\depgraph</Filter>
    </ClInclude>
    <ClInclude Include="depgraph\DependencyGraphOutput.h">
      <Filter>Header Files\depgraph</Filter>
    </ClInclude>
    <ClInclude Include="timing\RestrictFragmentShaderTiming.h">
      <Filter>Header Files\timing</Filter>
    </ClInclude>
    <ClInclude Include="timing\RestrictVertexShaderTiming.h">
      <Filter>Header Files\timing</Filter>
    </ClInclude>
    <ClInclude Include="glslang_tab.h">
      <Filter>Header Files\generated</Filter>
    </ClInclude>
    <ClInclude Include="BaseTypes.h">
      <Filter>Header Files</Filter>
    </ClInclude>
    <ClInclude Include="BuiltInFunctionEmulator.h">
      <Filter>Header Files</Filter>
    </ClInclude>
    <ClInclude Include="Common.h">
      <Filter>Header Files</Filter>
    </ClInclude>
    <ClInclude Include="ConstantUnion.h">
      <Filter>Header Files</Filter>
    </ClInclude>
    <ClInclude Include="debug.h">
      <Filter>Header Files</Filter>
    </ClInclude>
    <ClInclude Include="DetectCallDepth.h">
      <Filter>Header Files</Filter>
    </ClInclude>
    <ClInclude Include="DetectDiscontinuity.h">
      <Filter>Header Files</Filter>
    </ClInclude>
    <ClInclude Include="DetectRecursion.h">
      <Filter>Header Files</Filter>
    </ClInclude>
    <ClInclude Include="Diagnostics.h">
      <Filter>Header Files</Filter>
    </ClInclude>
    <ClInclude Include="DirectiveHandler.h">
      <Filter>Header Files</Filter>
    </ClInclude>
    <ClInclude Include="ExtensionBehavior.h">
      <Filter>Header Files</Filter>
    </ClInclude>
    <ClInclude Include="ForLoopUnroll.h">
      <Filter>Header Files</Filter>
    </ClInclude>
    <ClInclude Include="glslang.h">
      <Filter>Header Files</Filter>
    </ClInclude>
    <ClInclude Include="HashNames.h">
      <Filter>Header Files</Filter>
    </ClInclude>
    <ClInclude Include="InfoSink.h">
      <Filter>Header Files</Filter>
    </ClInclude>
    <ClInclude Include="Initialize.h">
      <Filter>Header Files</Filter>
    </ClInclude>
    <ClInclude Include="InitializeDll.h">
      <Filter>Header Files</Filter>
    </ClInclude>
    <ClInclude Include="InitializeGlobals.h">
      <Filter>Header Files</Filter>
    </ClInclude>
    <ClInclude Include="InitializeGLPosition.h">
      <Filter>Header Files</Filter>
    </ClInclude>
    <ClInclude Include="InitializeParseContext.h">
      <Filter>Header Files</Filter>
    </ClInclude>
    <ClInclude Include="intermediate.h">
      <Filter>Header Files</Filter>
    </ClInclude>
    <ClInclude Include="localintermediate.h">
      <Filter>Header Files</Filter>
    </ClInclude>
    <ClInclude Include="MapLongVariableNames.h">
      <Filter>Header Files</Filter>
    </ClInclude>
    <ClInclude Include="MMap.h">
      <Filter>Header Files</Filter>
    </ClInclude>
    <ClInclude Include="NodeSearch.h">
      <Filter>Header Files</Filter>
    </ClInclude>
    <ClInclude Include="osinclude.h">
      <Filter>Header Files</Filter>
    </ClInclude>
    <ClInclude Include="OutputESSL.h">
      <Filter>Header Files</Filter>
    </ClInclude>
    <ClInclude Include="OutputGLSL.h">
      <Filter>Header Files</Filter>
    </ClInclude>
    <ClInclude Include="OutputGLSLBase.h">
      <Filter>Header Files</Filter>
    </ClInclude>
    <ClInclude Include="OutputHLSL.h">
      <Filter>Header Files</Filter>
    </ClInclude>
    <ClInclude Include="ParseContext.h">
      <Filter>Header Files</Filter>
    </ClInclude>
    <ClInclude Include="PoolAlloc.h">
      <Filter>Header Files</Filter>
    </ClInclude>
    <ClInclude Include="QualifierAlive.h">
      <Filter>Header Files</Filter>
    </ClInclude>
    <ClInclude Include="RemoveTree.h">
      <Filter>Header Files</Filter>
    </ClInclude>
    <ClInclude Include="RenameFunction.h">
      <Filter>Header Files</Filter>
    </ClInclude>
    <ClInclude Include="SearchSymbol.h">
      <Filter>Header Files</Filter>
    </ClInclude>
    <ClInclude Include="ShHandle.h">
      <Filter>Header Files</Filter>
    </ClInclude>
    <ClInclude Include="SymbolTable.h">
      <Filter>Header Files</Filter>
    </ClInclude>
    <ClInclude Include="TranslatorESSL.h">
      <Filter>Header Files</Filter>
    </ClInclude>
    <ClInclude Include="TranslatorGLSL.h">
      <Filter>Header Files</Filter>
    </ClInclude>
    <ClInclude Include="TranslatorHLSL.h">
      <Filter>Header Files</Filter>
    </ClInclude>
    <ClInclude Include="Types.h">
      <Filter>Header Files</Filter>
    </ClInclude>
    <ClInclude Include="UnfoldShortCircuit.h">
      <Filter>Header Files</Filter>
    </ClInclude>
    <ClInclude Include="UnfoldShortCircuitAST.h">
      <Filter>Header Files</Filter>
    </ClInclude>
    <ClInclude Include="Uniform.h">
      <Filter>Header Files</Filter>
    </ClInclude>
    <ClInclude Include="util.h">
      <Filter>Header Files</Filter>
    </ClInclude>
    <ClInclude Include="ValidateLimitations.h">
      <Filter>Header Files</Filter>
    </ClInclude>
    <ClInclude Include="VariableInfo.h">
      <Filter>Header Files</Filter>
    </ClInclude>
    <ClInclude Include="VariablePacker.h">
      <Filter>Header Files</Filter>
    </ClInclude>
    <ClInclude Include="VersionGLSL.h">
      <Filter>Header Files</Filter>
    </ClInclude>
    <ClInclude Include="..\..\include\GLSLANG\ShaderLang.h">
      <Filter>Header Files</Filter>
    </ClInclude>
    <ClInclude Include="..\third_party\compiler\ArrayBoundsClamper.h">
      <Filter>Header Files</Filter>
    </ClInclude>
  </ItemGroup>
  <ItemGroup>
    <ClCompile Include="depgraph\DependencyGraph.cpp">
      <Filter>Source Files\depgraph</Filter>
    </ClCompile>
    <ClCompile Include="depgraph\DependencyGraphBuilder.cpp">
      <Filter>Source Files\depgraph</Filter>
    </ClCompile>
    <ClCompile Include="depgraph\DependencyGraphOutput.cpp">
      <Filter>Source Files\depgraph</Filter>
    </ClCompile>
    <ClCompile Include="depgraph\DependencyGraphTraverse.cpp">
      <Filter>Source Files\depgraph</Filter>
    </ClCompile>
    <ClCompile Include="timing\RestrictFragmentShaderTiming.cpp">
      <Filter>Source Files\timing</Filter>
    </ClCompile>
    <ClCompile Include="timing\RestrictVertexShaderTiming.cpp">
      <Filter>Source Files\timing</Filter>
    </ClCompile>
    <ClCompile Include="glslang_tab.cpp">
      <Filter>Source Files\generated</Filter>
    </ClCompile>
    <ClCompile Include="..\third_party\compiler\ArrayBoundsClamper.cpp">
      <Filter>Source Files</Filter>
    </ClCompile>
    <ClCompile Include="BuiltInFunctionEmulator.cpp">
      <Filter>Source Files</Filter>
    </ClCompile>
    <ClCompile Include="CodeGen.cpp">
      <Filter>Source Files</Filter>
    </ClCompile>
    <ClCompile Include="Compiler.cpp">
      <Filter>Source Files</Filter>
    </ClCompile>
    <ClCompile Include="debug.cpp">
      <Filter>Source Files</Filter>
    </ClCompile>
    <ClCompile Include="DetectCallDepth.cpp">
      <Filter>Source Files</Filter>
    </ClCompile>
    <ClCompile Include="DetectDiscontinuity.cpp">
      <Filter>Source Files</Filter>
    </ClCompile>
    <ClCompile Include="Diagnostics.cpp">
      <Filter>Source Files</Filter>
    </ClCompile>
    <ClCompile Include="DirectiveHandler.cpp">
      <Filter>Source Files</Filter>
    </ClCompile>
    <ClCompile Include="ForLoopUnroll.cpp">
      <Filter>Source Files</Filter>
    </ClCompile>
    <ClCompile Include="InfoSink.cpp">
      <Filter>Source Files</Filter>
    </ClCompile>
    <ClCompile Include="Initialize.cpp">
      <Filter>Source Files</Filter>
    </ClCompile>
    <ClCompile Include="InitializeDll.cpp">
      <Filter>Source Files</Filter>
    </ClCompile>
    <ClCompile Include="InitializeGLPosition.cpp">
      <Filter>Source Files</Filter>
    </ClCompile>
    <ClCompile Include="InitializeParseContext.cpp">
      <Filter>Source Files</Filter>
    </ClCompile>
    <ClCompile Include="Intermediate.cpp">
      <Filter>Source Files</Filter>
    </ClCompile>
    <ClCompile Include="intermOut.cpp">
      <Filter>Source Files</Filter>
    </ClCompile>
    <ClCompile Include="IntermTraverse.cpp">
      <Filter>Source Files</Filter>
    </ClCompile>
    <ClCompile Include="MapLongVariableNames.cpp">
      <Filter>Source Files</Filter>
    </ClCompile>
    <ClCompile Include="ossource_win.cpp">
      <Filter>Source Files</Filter>
    </ClCompile>
    <ClCompile Include="OutputESSL.cpp">
      <Filter>Source Files</Filter>
    </ClCompile>
    <ClCompile Include="OutputGLSL.cpp">
      <Filter>Source Files</Filter>
    </ClCompile>
    <ClCompile Include="OutputGLSLBase.cpp">
      <Filter>Source Files</Filter>
    </ClCompile>
    <ClCompile Include="OutputHLSL.cpp">
      <Filter>Source Files</Filter>
    </ClCompile>
    <ClCompile Include="parseConst.cpp">
      <Filter>Source Files</Filter>
    </ClCompile>
    <ClCompile Include="ParseContext.cpp">
      <Filter>Source Files</Filter>
    </ClCompile>
    <ClCompile Include="PoolAlloc.cpp">
      <Filter>Source Files</Filter>
    </ClCompile>
    <ClCompile Include="QualifierAlive.cpp">
      <Filter>Source Files</Filter>
    </ClCompile>
    <ClCompile Include="RemoveTree.cpp">
      <Filter>Source Files</Filter>
    </ClCompile>
    <ClCompile Include="SearchSymbol.cpp">
      <Filter>Source Files</Filter>
    </ClCompile>
    <ClCompile Include="ShaderLang.cpp">
      <Filter>Source Files</Filter>
    </ClCompile>
    <ClCompile Include="SymbolTable.cpp">
      <Filter>Source Files</Filter>
    </ClCompile>
    <ClCompile Include="TranslatorESSL.cpp">
      <Filter>Source Files</Filter>
    </ClCompile>
    <ClCompile Include="TranslatorGLSL.cpp">
      <Filter>Source Files</Filter>
    </ClCompile>
    <ClCompile Include="TranslatorHLSL.cpp">
      <Filter>Source Files</Filter>
    </ClCompile>
    <ClCompile Include="UnfoldShortCircuit.cpp">
      <Filter>Source Files</Filter>
    </ClCompile>
    <ClCompile Include="UnfoldShortCircuitAST.cpp">
      <Filter>Source Files</Filter>
    </ClCompile>
    <ClCompile Include="Uniform.cpp">
      <Filter>Source Files</Filter>
    </ClCompile>
    <ClCompile Include="util.cpp">
      <Filter>Source Files</Filter>
    </ClCompile>
    <ClCompile Include="ValidateLimitations.cpp">
      <Filter>Source Files</Filter>
    </ClCompile>
    <ClCompile Include="VariableInfo.cpp">
      <Filter>Source Files</Filter>
    </ClCompile>
    <ClCompile Include="VariablePacker.cpp">
      <Filter>Source Files</Filter>
    </ClCompile>
    <ClCompile Include="VersionGLSL.cpp">
      <Filter>Source Files</Filter>
    </ClCompile>
    <ClCompile Include="glslang_lex.cpp">
      <Filter>Source Files</Filter>
    </ClCompile>
  </ItemGroup>
  <ItemGroup>
    <None Include="glslang.l">
      <Filter>Source Files</Filter>
    </None>
    <None Include="glslang.y">
      <Filter>Source Files</Filter>
    </None>
  </ItemGroup>
</Project>